
Microsoft Visual Studio Solution File, Format Version 12.00
# Visual Studio Version 17
VisualStudioVersion = 17.13.35825.156 d17.13
MinimumVisualStudioVersion = 10.0.40219.1
Project("{FAE04EC0-301F-11D3-BF4B-00C04F79EFBC}") = "FlightBooking", "FlightBooking\FlightBooking.csproj", "{EC5921D4-FFDE-475C-A785-50E310EB3C53}"
EndProject
Global
	GlobalSection(SolutionConfigurationPlatforms) = preSolution
		Debug|Any CPU = Debug|Any CPU
		Release|Any CPU = Release|Any CPU
	EndGlobalSection
	GlobalSection(ProjectConfigurationPlatforms) = postSolution
		{EC5921D4-FFDE-475C-A785-50E310EB3C53}.Debug|Any CPU.ActiveCfg = Debug|Any CPU
		{EC5921D4-FFDE-475C-A785-50E310EB3C53}.Debug|Any CPU.Build.0 = Debug|Any CPU
		{EC5921D4-FFDE-475C-A785-50E310EB3C53}.Release|Any CPU.ActiveCfg = Release|Any CPU
		{EC5921D4-FFDE-475C-A785-50E310EB3C53}.Release|Any CPU.Build.0 = Release|Any CPU
	EndGlobalSection
	GlobalSection(SolutionProperties) = preSolution
		HideSolutionNode = FALSE
	EndGlobalSection
	GlobalSection(ExtensibilityGlobals) = postSolution
		SolutionGuid = {3B510B2D-3C2D-40DD-AC9E-A1FAF2FCB9D6}
	EndGlobalSection
EndGlobal
